
Microsoft Visual Studio Solution File, Format Version 12.00
# Visual Studio Version 17
VisualStudioVersion = 17.5.2.0
MinimumVisualStudioVersion = 10.0.40219.1
Project("{FAE04EC0-301F-11D3-BF4B-00C04F79EFBC}") = "kenbi_alıstırma", "kenbi_alıstırma.csproj", "{6F06E06B-8021-FB43-1926-BE548103D88E}"
EndProject
Global
	GlobalSection(SolutionConfigurationPlatforms) = preSolution
		Debug|Any CPU = Debug|Any CPU
		Release|Any CPU = Release|Any CPU
	EndGlobalSection
	GlobalSection(ProjectConfigurationPlatforms) = postSolution
		{6F06E06B-8021-FB43-1926-BE548103D88E}.Debug|Any CPU.ActiveCfg = Debug|Any CPU
		{6F06E06B-8021-FB43-1926-BE548103D88E}.Debug|Any CPU.Build.0 = Debug|Any CPU
		{6F06E06B-8021-FB43-1926-BE548103D88E}.Release|Any CPU.ActiveCfg = Release|Any CPU
		{6F06E06B-8021-FB43-1926-BE548103D88E}.Release|Any CPU.Build.0 = Release|Any CPU
	EndGlobalSection
	GlobalSection(SolutionProperties) = preSolution
		HideSolutionNode = FALSE
	EndGlobalSection
	GlobalSection(ExtensibilityGlobals) = postSolution
		SolutionGuid = {5DF298DE-A1F2-4560-898F-438C2EB46424}
	EndGlobalSection
EndGlobal
