Microsoft Visual Studio Solution File, Format Version 12.00
# Visual Studio Version 17
VisualStudioVersion = 17.5.2.0
MinimumVisualStudioVersion = 10.0.40219.1
Project("{FAE04EC0-301F-11D3-BF4B-00C04F79EFBC}") = "kendi_alistirma3", "kendi_alistirma3.csproj", "{0FC0F535-A168-7397-6CC4-FF773AB2D5D1}"
EndProject
Global
	GlobalSection(SolutionConfigurationPlatforms) = preSolution
		Debug|Any CPU = Debug|Any CPU
		Release|Any CPU = Release|Any CPU
	EndGlobalSection
	GlobalSection(ProjectConfigurationPlatforms) = postSolution
		{0FC0F535-A168-7397-6CC4-FF773AB2D5D1}.Debug|Any CPU.ActiveCfg = Debug|Any CPU
		{0FC0F535-A168-7397-6CC4-FF773AB2D5D1}.Debug|Any CPU.Build.0 = Debug|Any CPU
		{0FC0F535-A168-7397-6CC4-FF773AB2D5D1}.Release|Any CPU.ActiveCfg = Release|Any CPU
		{0FC0F535-A168-7397-6CC4-FF773AB2D5D1}.Release|Any CPU.Build.0 = Release|Any CPU
	EndGlobalSection
	GlobalSection(SolutionProperties) = preSolution
		HideSolutionNode = FALSE
	EndGlobalSection
	GlobalSection(ExtensibilityGlobals) = postSolution
		SolutionGuid = {D24D3880-AC2B-4C57-AFEE-32BC0970BAD1}
	EndGlobalSection
EndGlobal
