Microsoft Visual Studio Solution File, Format Version 12.00
# Visual Studio Version 17
VisualStudioVersion = 17.5.2.0
MinimumVisualStudioVersion = 10.0.40219.1
Project("{FAE04EC0-301F-11D3-BF4B-00C04F79EFBC}") = "kendi_alistirma4", "kendi_alistirma4.csproj", "{B1E0281E-0081-4F24-15C4-60791DF04B9D}"
EndProject
Global
	GlobalSection(SolutionConfigurationPlatforms) = preSolution
		Debug|Any CPU = Debug|Any CPU
		Release|Any CPU = Release|Any CPU
	EndGlobalSection
	GlobalSection(ProjectConfigurationPlatforms) = postSolution
		{B1E0281E-0081-4F24-15C4-60791DF04B9D}.Debug|Any CPU.ActiveCfg = Debug|Any CPU
		{B1E0281E-0081-4F24-15C4-60791DF04B9D}.Debug|Any CPU.Build.0 = Debug|Any CPU
		{B1E0281E-0081-4F24-15C4-60791DF04B9D}.Release|Any CPU.ActiveCfg = Release|Any CPU
		{B1E0281E-0081-4F24-15C4-60791DF04B9D}.Release|Any CPU.Build.0 = Release|Any CPU
	EndGlobalSection
	GlobalSection(SolutionProperties) = preSolution
		HideSolutionNode = FALSE
	EndGlobalSection
	GlobalSection(ExtensibilityGlobals) = postSolution
		SolutionGuid = {CC17BC8F-F3DC-44B8-817E-7DB4C0971A8D}
	EndGlobalSection
EndGlobal
